
Microsoft Visual Studio Solution File, Format Version 12.00
# Visual Studio Version 16
VisualStudioVersion = 16.0.30114.105
MinimumVisualStudioVersion = 10.0.40219.1
Project("{2150E333-8FDC-42A3-9474-1A3956D46DE8}") = "src", "src", "{5F94B03B-6EA2-492B-AC0D-44BE5AF3C8C5}"
EndProject
Project("{FAE04EC0-301F-11D3-BF4B-00C04F79EFBC}") = "Catalog.API", "src\Catalog.API\Catalog.API.csproj", "{FB95F8A5-13C5-4C76-92AD-393327B5CAA3}"
EndProject
Project("{FAE04EC0-301F-11D3-BF4B-00C04F79EFBC}") = "Catalog.Domain", "src\Catalog.Domain\Catalog.Domain.csproj", "{D1941D9C-E17A-4ADC-AADA-81E28E288E0F}"
EndProject
Project("{FAE04EC0-301F-11D3-BF4B-00C04F79EFBC}") = "Catalog.Infrastructure", "src\Catalog.Infrastructure\Catalog.Infrastructure.csproj", "{E051AFB2-7FE6-4CAD-A941-E5190E614A30}"
EndProject
Project("{2150E333-8FDC-42A3-9474-1A3956D46DE8}") = "tests", "tests", "{E2B40EC9-4641-452E-8DD5-BA3F91CA0FB3}"
EndProject
Project("{FAE04EC0-301F-11D3-BF4B-00C04F79EFBC}") = "Catalog.Infrastructure.Tests", "tests\Catalog.Infrastructure.Tests\Catalog.Infrastructure.Tests.csproj", "{2F915344-7E88-4B06-96E0-D99442E49D2D}"
EndProject
Project("{FAE04EC0-301F-11D3-BF4B-00C04F79EFBC}") = "Catalog.Fixtures", "tests\Catalog.Fixtures\Catalog.Fixtures.csproj", "{6EEA1C10-408C-4E2E-8977-6651A776E7A7}"
EndProject
Global
	GlobalSection(SolutionConfigurationPlatforms) = preSolution
		Debug|Any CPU = Debug|Any CPU
		Release|Any CPU = Release|Any CPU
	EndGlobalSection
	GlobalSection(SolutionProperties) = preSolution
		HideSolutionNode = FALSE
	EndGlobalSection
	GlobalSection(ProjectConfigurationPlatforms) = postSolution
		{FB95F8A5-13C5-4C76-92AD-393327B5CAA3}.Debug|Any CPU.ActiveCfg = Debug|Any CPU
		{FB95F8A5-13C5-4C76-92AD-393327B5CAA3}.Debug|Any CPU.Build.0 = Debug|Any CPU
		{FB95F8A5-13C5-4C76-92AD-393327B5CAA3}.Release|Any CPU.ActiveCfg = Release|Any CPU
		{FB95F8A5-13C5-4C76-92AD-393327B5CAA3}.Release|Any CPU.Build.0 = Release|Any CPU
		{D1941D9C-E17A-4ADC-AADA-81E28E288E0F}.Debug|Any CPU.ActiveCfg = Debug|Any CPU
		{D1941D9C-E17A-4ADC-AADA-81E28E288E0F}.Debug|Any CPU.Build.0 = Debug|Any CPU
		{D1941D9C-E17A-4ADC-AADA-81E28E288E0F}.Release|Any CPU.ActiveCfg = Release|Any CPU
		{D1941D9C-E17A-4ADC-AADA-81E28E288E0F}.Release|Any CPU.Build.0 = Release|Any CPU
		{E051AFB2-7FE6-4CAD-A941-E5190E614A30}.Debug|Any CPU.ActiveCfg = Debug|Any CPU
		{E051AFB2-7FE6-4CAD-A941-E5190E614A30}.Debug|Any CPU.Build.0 = Debug|Any CPU
		{E051AFB2-7FE6-4CAD-A941-E5190E614A30}.Release|Any CPU.ActiveCfg = Release|Any CPU
		{E051AFB2-7FE6-4CAD-A941-E5190E614A30}.Release|Any CPU.Build.0 = Release|Any CPU
		{2F915344-7E88-4B06-96E0-D99442E49D2D}.Debug|Any CPU.ActiveCfg = Debug|Any CPU
		{2F915344-7E88-4B06-96E0-D99442E49D2D}.Debug|Any CPU.Build.0 = Debug|Any CPU
		{2F915344-7E88-4B06-96E0-D99442E49D2D}.Release|Any CPU.ActiveCfg = Release|Any CPU
		{2F915344-7E88-4B06-96E0-D99442E49D2D}.Release|Any CPU.Build.0 = Release|Any CPU
		{6EEA1C10-408C-4E2E-8977-6651A776E7A7}.Debug|Any CPU.ActiveCfg = Debug|Any CPU
		{6EEA1C10-408C-4E2E-8977-6651A776E7A7}.Debug|Any CPU.Build.0 = Debug|Any CPU
		{6EEA1C10-408C-4E2E-8977-6651A776E7A7}.Release|Any CPU.ActiveCfg = Release|Any CPU
		{6EEA1C10-408C-4E2E-8977-6651A776E7A7}.Release|Any CPU.Build.0 = Release|Any CPU
	EndGlobalSection
	GlobalSection(NestedProjects) = preSolution
		{FB95F8A5-13C5-4C76-92AD-393327B5CAA3} = {5F94B03B-6EA2-492B-AC0D-44BE5AF3C8C5}
		{D1941D9C-E17A-4ADC-AADA-81E28E288E0F} = {5F94B03B-6EA2-492B-AC0D-44BE5AF3C8C5}
		{E051AFB2-7FE6-4CAD-A941-E5190E614A30} = {5F94B03B-6EA2-492B-AC0D-44BE5AF3C8C5}
		{2F915344-7E88-4B06-96E0-D99442E49D2D} = {E2B40EC9-4641-452E-8DD5-BA3F91CA0FB3}
		{6EEA1C10-408C-4E2E-8977-6651A776E7A7} = {E2B40EC9-4641-452E-8DD5-BA3F91CA0FB3}
	EndGlobalSection
EndGlobal
